
Microsoft Visual Studio Solution File, Format Version 12.00
Project("{FAE04EC0-301F-11D3-BF4B-00C04F79EFBC}") = "Test.Presentation", "Test.Presentation\Test.Presentation.csproj", "{918AD7C0-29E7-4B6E-ACFF-8202628DE2A2}"
EndProject
Global
	GlobalSection(SolutionConfigurationPlatforms) = preSolution
		Debug|Any CPU = Debug|Any CPU
		Release|Any CPU = Release|Any CPU
	EndGlobalSection
	GlobalSection(ProjectConfigurationPlatforms) = postSolution
		{918AD7C0-29E7-4B6E-ACFF-8202628DE2A2}.Debug|Any CPU.ActiveCfg = Debug|Any CPU
		{918AD7C0-29E7-4B6E-ACFF-8202628DE2A2}.Debug|Any CPU.Build.0 = Debug|Any CPU
		{918AD7C0-29E7-4B6E-ACFF-8202628DE2A2}.Release|Any CPU.ActiveCfg = Release|Any CPU
		{918AD7C0-29E7-4B6E-ACFF-8202628DE2A2}.Release|Any CPU.Build.0 = Release|Any CPU
	EndGlobalSection
EndGlobal
